
Microsoft Visual Studio Solution File, Format Version 12.00
# Visual Studio Version 16
VisualStudioVersion = 16.0.31313.79
MinimumVisualStudioVersion = 10.0.40219.1
Project("{FAE04EC0-301F-11D3-BF4B-00C04F79EFBC}") = "PerfReportRename", "PerfReportRename\PerfReportRename.csproj", "{8FE8DE32-068F-487A-AB36-CD055353B61A}"
EndProject
Global
	GlobalSection(SolutionConfigurationPlatforms) = preSolution
		Debug|Any CPU = Debug|Any CPU
		Release|Any CPU = Release|Any CPU
	EndGlobalSection
	GlobalSection(ProjectConfigurationPlatforms) = postSolution
		{8FE8DE32-068F-487A-AB36-CD055353B61A}.Debug|Any CPU.ActiveCfg = Debug|Any CPU
		{8FE8DE32-068F-487A-AB36-CD055353B61A}.Debug|Any CPU.Build.0 = Debug|Any CPU
		{8FE8DE32-068F-487A-AB36-CD055353B61A}.Release|Any CPU.ActiveCfg = Release|Any CPU
		{8FE8DE32-068F-487A-AB36-CD055353B61A}.Release|Any CPU.Build.0 = Release|Any CPU
	EndGlobalSection
	GlobalSection(SolutionProperties) = preSolution
		HideSolutionNode = FALSE
	EndGlobalSection
	GlobalSection(ExtensibilityGlobals) = postSolution
		SolutionGuid = {CE10A7F1-AAB9-4A7F-9068-8B053A3A7B75}
	EndGlobalSection
EndGlobal
